// !$*UTF8*$!
{
	archiveVersion = 1;
	classes = {
	};
	objectVersion = 77;
	objects = {

/* Begin PBXContainerItemProxy section */
		01ACAB2F2FAA7CA0002C45CC /* PBXContainerItemProxy */ = {
			isa = PBXContainerItemProxy;
			containerPortal = 01ACAB172FAA7C9D002C45CC /* Project object */;
			proxyType = 1;
			remoteGlobalIDString = 01ACAB1E2FAA7C9D002C45CC;
			remoteInfo = fieldnote;
		};
		01ACAB392FAA7CA0002C45CC /* PBXContainerItemProxy */ = {
			isa = PBXContainerItemProxy;
			containerPortal = 01ACAB172FAA7C9D002C45CC /* Project object */;
			proxyType = 1;
			remoteGlobalIDString = 01ACAB1E2FAA7C9D002C45CC;
			remoteInfo = fieldnote;
		};
/* End PBXContainerItemProxy section */

/* Begin PBXFileReference section */
		01ACAB1F2FAA7C9D002C45CC /* fieldnote.app */ = {isa = PBXFileReference; explicitFileType = wrapper.application; includeInIndex = 0; path = fieldnote.app; sourceTree = BUILT_PRODUCTS_DIR; };
		01ACAB2E2FAA7CA0002C45CC /* fieldnoteTests.xctest */ = {isa = PBXFileReference; explicitFileType = wrapper.cfbundle; includeInIndex = 0; path = fieldnoteTests.xctest; sourceTree = BUILT_PRODUCTS_DIR; };
		01ACAB382FAA7CA0002C45CC /* fieldnoteUITests.xctest */ = {isa = PBXFileReference; explicitFileType = wrapper.cfbundle; includeInIndex = 0; path = fieldnoteUITests.xctest; sourceTree = BUILT_PRODUCTS_DIR; };
/* End PBXFileReference section */

/* Begin PBXFileSystemSynchronizedBuildFileExceptionSet section */
		019318F02FBF2F8200FF619B /* Exceptions for "fieldnote" folder in "fieldnote" target */ = {
			isa = PBXFileSystemSynchronizedBuildFileExceptionSet;
			membershipExceptions = (
				Info.plist,
			);
			target = 01ACAB1E2FAA7C9D002C45CC /* fieldnote */;
		};
/* End PBXFileSystemSynchronizedBuildFileExceptionSet section */

/* Begin PBXFileSystemSynchronizedRootGroup section */
		01ACAB212FAA7C9D002C45CC /* fieldnote */ = {
			isa = PBXFileSystemSynchronizedRootGroup;
			exceptions = (
				019318F02FBF2F8200FF619B /* Exceptions for "fieldnote" folder in "fieldnote" target */,
			);
			path = fieldnote;
			sourceTree = "<group>";
		};
		01ACAB312FAA7CA0002C45CC /* fieldnoteTests */ = {
			isa = PBXFileSystemSynchronizedRootGroup;
			path = fieldnoteTests;
			sourceTree = "<group>";
		};
		01ACAB3B2FAA7CA0002C45CC /* fieldnoteUITests */ = {
			isa = PBXFileSystemSynchronizedRootGroup;
			path = fieldnoteUITests;
			sourceTree = "<group>";
		};
/* End PBXFileSystemSynchronizedRootGroup section */

/* Begin PBXFrameworksBuildPhase section */
		01ACAB1C2FAA7C9D002C45CC /* Frameworks */ = {
			isa = PBXFrameworksBuildPhase;
			buildActionMask = 2147483647;
			files = (
			);
			runOnlyForDeploymentPostprocessing = 0;
		};
		01ACAB2B2FAA7CA0002C45CC /* Frameworks */ = {
			isa = PBXFrameworksBuildPhase;
			buildActionMask = 2147483647;
			files = (
			);
			runOnlyForDeploymentPostprocessing = 0;
		};
		01ACAB352FAA7CA0002C45CC /* Frameworks */ = {
			isa = PBXFrameworksBuildPhase;
			buildActionMask = 2147483647;
			files = (
			);
			runOnlyForDeploymentPostprocessing = 0;
		};
/* End PBXFrameworksBuildPhase section */

/* Begin PBXGroup section */
		01ACAB162FAA7C9D002C45CC = {
			isa = PBXGroup;
			children = (
				01ACAB212FAA7C9D002C45CC /* fieldnote */,
				01ACAB312FAA7CA0002C45CC /* fieldnoteTests */,
				01ACAB3B2FAA7CA0002C45CC /* fieldnoteUITests */,
				01ACAB202FAA7C9D002C45CC /* Products */,
			);
			sourceTree = "<group>";
		};
		01ACAB202FAA7C9D002C45CC /* Products */ = {
			isa = PBXGroup;
			children = (
				01ACAB1F2FAA7C9D002C45CC /* fieldnote.app */,
				01ACAB2E2FAA7CA0002C45CC /* fieldnoteTests.xctest */,
				01ACAB382FAA7CA0002C45CC /* fieldnoteUITests.xctest */,
			);
			name = Products;
			sourceTree = "<group>";
		};
/* End PBXGroup section */

/* Begin PBXNativeTarget section */
		01ACAB1E2FAA7C9D002C45CC /* fieldnote */ = {
			isa = PBXNativeTarget;
			buildConfigurationList = 01ACAB422FAA7CA0002C45CC /* Build configuration list for PBXNativeTarget "fieldnote" */;
			buildPhases = (
				01ACAB1B2FAA7C9D002C45CC /* Sources */,
				01ACAB1C2FAA7C9D002C45CC /* Frameworks */,
				01ACAB1D2FAA7C9D002C45CC /* Resources */,
			);
			buildRules = (
			);
			dependencies = (
			);
			fileSystemSynchronizedGroups = (
				01ACAB212FAA7C9D002C45CC /* fieldnote */,
			);
			name = fieldnote;
			packageProductDependencies = (
			);
			productName = fieldnote;
			productReference = 01ACAB1F2FAA7C9D002C45CC /* fieldnote.app */;
			productType = "com.apple.product-type.application";
		};
		01ACAB2D2FAA7CA0002C45CC /* fieldnoteTests */ = {
			isa = PBXNativeTarget;
			buildConfigurationList = 01ACAB452FAA7CA0002C45CC /* Build configuration list for PBXNativeTarget "fieldnoteTests" */;
			buildPhases = (
				01ACAB2A2FAA7CA0002C45CC /* Sources */,
				01ACAB2B2FAA7CA0002C45CC /* Frameworks */,
				01ACAB2C2FAA7CA0002C45CC /* Resources */,
			);
			buildRules = (
			);
			dependencies = (
				01ACAB302FAA7CA0002C45CC /* PBXTargetDependency */,
			);
			fileSystemSynchronizedGroups = (
				01ACAB312FAA7CA0002C45CC /* fieldnoteTests */,
			);
			name = fieldnoteTests;
			packageProductDependencies = (
			);
			productName = fieldnoteTests;
			productReference = 01ACAB2E2FAA7CA0002C45CC /* fieldnoteTests.xctest */;
			productType = "com.apple.product-type.bundle.unit-test";
		};
		01ACAB372FAA7CA0002C45CC /* fieldnoteUITests */ = {
			isa = PBXNativeTarget;
			buildConfigurationList = 01ACAB482FAA7CA0002C45CC /* Build configuration list for PBXNativeTarget "fieldnoteUITests" */;
			buildPhases = (
				01ACAB342FAA7CA0002C45CC /* Sources */,
				01ACAB352FAA7CA0002C45CC /* Frameworks */,
				01ACAB362FAA7CA0002C45CC /* Resources */,
			);
			buildRules = (
			);
			dependencies = (
				01ACAB3A2FAA7CA0002C45CC /* PBXTargetDependency */,
			);
			fileSystemSynchronizedGroups = (
				01ACAB3B2FAA7CA0002C45CC /* fieldnoteUITests */,
			);
			name = fieldnoteUITests;
			packageProductDependencies = (
			);
			productName = fieldnoteUITests;
			productReference = 01ACAB382FAA7CA0002C45CC /* fieldnoteUITests.xctest */;
			productType = "com.apple.product-type.bundle.ui-testing";
		};
/* End PBXNativeTarget section */

/* Begin PBXProject section */
		01ACAB172FAA7C9D002C45CC /* Project object */ = {
			isa = PBXProject;
			attributes = {
				BuildIndependentTargetsInParallel = 1;
				LastSwiftUpdateCheck = 2640;
				LastUpgradeCheck = 2640;
				TargetAttributes = {
					01ACAB1E2FAA7C9D002C45CC = {
						CreatedOnToolsVersion = 26.4;
					};
					01ACAB2D2FAA7CA0002C45CC = {
						CreatedOnToolsVersion = 26.4;
						TestTargetID = 01ACAB1E2FAA7C9D002C45CC;
					};
					01ACAB372FAA7CA0002C45CC = {
						CreatedOnToolsVersion = 26.4;
						TestTargetID = 01ACAB1E2FAA7C9D002C45CC;
					};
				};
			};
			buildConfigurationList = 01ACAB1A2FAA7C9D002C45CC /* Build configuration list for PBXProject "fieldnote" */;
			developmentRegion = en;
			hasScannedForEncodings = 0;
			knownRegions = (
				en,
				Base,
			);
			mainGroup = 01ACAB162FAA7C9D002C45CC;
			minimizedProjectReferenceProxies = 1;
			preferredProjectObjectVersion = 77;
			productRefGroup = 01ACAB202FAA7C9D002C45CC /* Products */;
			projectDirPath = "";
			projectRoot = "";
			targets = (
				01ACAB1E2FAA7C9D002C45CC /* fieldnote */,
				01ACAB2D2FAA7CA0002C45CC /* fieldnoteTests */,
				01ACAB372FAA7CA0002C45CC /* fieldnoteUITests */,
			);
		};
/* End PBXProject section */

/* Begin PBXResourcesBuildPhase section */
		01ACAB1D2FAA7C9D002C45CC /* Resources */ = {
			isa = PBXResourcesBuildPhase;
			buildActionMask = 2147483647;
			files = (
			);
			runOnlyForDeploymentPostprocessing = 0;
		};
		01ACAB2C2FAA7CA0002C45CC /* Resources */ = {
			isa = PBXResourcesBuildPhase;
			buildActionMask = 2147483647;
			files = (
			);
			runOnlyForDeploymentPostprocessing = 0;
		};
		01ACAB362FAA7CA0002C45CC /* Resources */ = {
			isa = PBXResourcesBuildPhase;
			buildActionMask = 2147483647;
			files = (
			);
			runOnlyForDeploymentPostprocessing = 0;
		};
/* End PBXResourcesBuildPhase section */

/* Begin PBXSourcesBuildPhase section */
		01ACAB1B2FAA7C9D002C45CC /* Sources */ = {
			isa = PBXSourcesBuildPhase;
			buildActionMask = 2147483647;
			files = (
			);
			runOnlyForDeploymentPostprocessing = 0;
		};
		01ACAB2A2FAA7CA0002C45CC /* Sources */ = {
			isa = PBXSourcesBuildPhase;
			buildActionMask = 2147483647;
			files = (
			);
			runOnlyForDeploymentPostprocessing = 0;
		};
		01ACAB342FAA7CA0002C45CC /* Sources */ = {
			isa = PBXSourcesBuildPhase;
			buildActionMask = 2147483647;
			files = (
			);
			runOnlyForDeploymentPostprocessing = 0;
		};
/* End PBXSourcesBuildPhase section */

/* Begin PBXTargetDependency section */
		01ACAB302FAA7CA0002C45CC /* PBXTargetDependency */ = {
			isa = PBXTargetDependency;
			target = 01ACAB1E2FAA7C9D002C45CC /* fieldnote */;
			targetProxy = 01ACAB2F2FAA7CA0002C45CC /* PBXContainerItemProxy */;
		};
		01ACAB3A2FAA7CA0002C45CC /* PBXTargetDependency */ = {
			isa = PBXTargetDependency;
			target = 01ACAB1E2FAA7C9D002C45CC /* fieldnote */;
			targetProxy = 01ACAB392FAA7CA0002C45CC /* PBXContainerItemProxy */;
		};
/* End PBXTargetDependency section */

/* Begin XCBuildConfiguration section */
		01ACAB402FAA7CA0002C45CC /* Debug */ = {
			isa = XCBuildConfiguration;
			buildSettings = {
				ALWAYS_SEARCH_USER_PATHS = NO;
				ASSETCATALOG_COMPILER_GENERATE_SWIFT_ASSET_SYMBOL_EXTENSIONS = YES;
				CLANG_ANALYZER_NONNULL = YES;
				CLANG_ANALYZER_NUMBER_OBJECT_CONVERSION = YES_AGGRESSIVE;
				CLANG_CXX_LANGUAGE_STANDARD = "gnu++20";
				CLANG_ENABLE_MODULES = YES;
				CLANG_ENABLE_OBJC_ARC = YES;
				CLANG_ENABLE_OBJC_WEAK = YES;
				CLANG_WARN_BLOCK_CAPTURE_AUTORELEASING = YES;
				CLANG_WARN_BOOL_CONVERSION = YES;
				CLANG_WARN_COMMA = YES;
				CLANG_WARN_CONSTANT_CONVERSION = YES;
				CLANG_WARN_DEPRECATED_OBJC_IMPLEMENTATIONS = YES;
				CLANG_WARN_DIRECT_OBJC_ISA_USAGE = YES_ERROR;
				CLANG_WARN_DOCUMENTATION_COMMENTS = YES;
				CLANG_WARN_EMPTY_BODY = YES;
				CLANG_WARN_ENUM_CONVERSION = YES;
				CLANG_WARN_INFINITE_RECURSION = YES;
				CLANG_WARN_INT_CONVERSION = YES;
				CLANG_WARN_NON_LITERAL_NULL_CONVERSION = YES;
				CLANG_WARN_OBJC_IMPLICIT_RETAIN_SELF = YES;
				CLANG_WARN_OBJC_LITERAL_CONVERSION = YES;
				CLANG_WARN_OBJC_ROOT_CLASS = YES_ERROR;
				CLANG_WARN_QUOTED_INCLUDE_IN_FRAMEWORK_HEADER = YES;
				CLANG_WARN_RANGE_LOOP_ANALYSIS = YES;
				CLANG_WARN_STRICT_PROTOTYPES = YES;
				CLANG_WARN_SUSPICIOUS_MOVE = YES;
				CLANG_WARN_UNGUARDED_AVAILABILITY = YES_AGGRESSIVE;
				CLANG_WARN_UNREACHABLE_CODE = YES;
				CLANG_WARN__DUPLICATE_METHOD_MATCH = YES;
				COPY_PHASE_STRIP = NO;
				DEBUG_INFORMATION_FORMAT = dwarf;
				DEVELOPMENT_TEAM = 4WRV8A29AF;
				ENABLE_STRICT_OBJC_MSGSEND = YES;
				ENABLE_TESTABILITY = YES;
				ENABLE_USER_SCRIPT_SANDBOXING = YES;
				GCC_C_LANGUAGE_STANDARD = gnu17;
				GCC_DYNAMIC_NO_PIC = NO;
				GCC_NO_COMMON_BLOCKS = YES;
				GCC_OPTIMIZATION_LEVEL = 0;
				GCC_PREPROCESSOR_DEFINITIONS = (
					"DEBUG=1",
					"$(inherited)",
				);
				GCC_WARN_64_TO_32_BIT_CONVERSION = YES;
				GCC_WARN_ABOUT_RETURN_TYPE = YES_ERROR;
				GCC_WARN_UNDECLARED_SELECTOR = YES;
				GCC_WARN_UNINITIALIZED_AUTOS = YES_AGGRESSIVE;
				GCC_WARN_UNUSED_FUNCTION = YES;
				GCC_WARN_UNUSED_VARIABLE = YES;
				IPHONEOS_DEPLOYMENT_TARGET = 18.5;
				LOCALIZATION_PREFERS_STRING_CATALOGS = YES;
				MTL_ENABLE_DEBUG_INFO = INCLUDE_SOURCE;
				MTL_FAST_MATH = YES;
				ONLY_ACTIVE_ARCH = YES;
				SDKROOT = iphoneos;
				SWIFT_ACTIVE_COMPILATION_CONDITIONS = "DEBUG $(inherited)";
				SWIFT_OPTIMIZATION_LEVEL = "-Onone";
			};
			name = Debug;
		};
		01ACAB412FAA7CA0002C45CC /* Release */ = {
			isa = XCBuildConfiguration;
			buildSettings = {
				ALWAYS_SEARCH_USER_PATHS = NO;
				ASSETCATALOG_COMPILER_GENERATE_SWIFT_ASSET_SYMBOL_EXTENSIONS = YES;
				CLANG_ANALYZER_NONNULL = YES;
				CLANG_ANALYZER_NUMBER_OBJECT_CONVERSION = YES_AGGRESSIVE;
				CLANG_CXX_LANGUAGE_STANDARD = "gnu++20";
				CLANG_ENABLE_MODULES = YES;
				CLANG_ENABLE_OBJC_ARC = YES;
				CLANG_ENABLE_OBJC_WEAK = YES;
				CLANG_WARN_BLOCK_CAPTURE_AUTORELEASING = YES;
				CLANG_WARN_BOOL_CONVERSION = YES;
				CLANG_WARN_COMMA = YES;
				CLANG_WARN_CONSTANT_CONVERSION = YES;
				CLANG_WARN_DEPRECATED_OBJC_IMPLEMENTATIONS = YES;
				CLANG_WARN_DIRECT_OBJC_ISA_USAGE = YES_ERROR;
				CLANG_WARN_DOCUMENTATION_COMMENTS = YES;
				CLANG_WARN_EMPTY_BODY = YES;
				CLANG_WARN_ENUM_CONVERSION = YES;
				CLANG_WARN_INFINITE_RECURSION = YES;
				CLANG_WARN_INT_CONVERSION = YES;
				CLANG_WARN_NON_LITERAL_NULL_CONVERSION = YES;
				CLANG_WARN_OBJC_IMPLICIT_RETAIN_SELF = YES;
				CLANG_WARN_OBJC_LITERAL_CONVERSION = YES;
				CLANG_WARN_OBJC_ROOT_CLASS = YES_ERROR;
				CLANG_WARN_QUOTED_INCLUDE_IN_FRAMEWORK_HEADER = YES;
				CLANG_WARN_RANGE_LOOP_ANALYSIS = YES;
				CLANG_WARN_STRICT_PROTOTYPES = YES;
				CLANG_WARN_SUSPICIOUS_MOVE = YES;
				CLANG_WARN_UNGUARDED_AVAILABILITY = YES_AGGRESSIVE;
				CLANG_WARN_UNREACHABLE_CODE = YES;
				CLANG_WARN__DUPLICATE_METHOD_MATCH = YES;
				COPY_PHASE_STRIP = NO;
				DEBUG_INFORMATION_FORMAT = "dwarf-with-dsym";
				DEVELOPMENT_TEAM = 4WRV8A29AF;
				ENABLE_NS_ASSERTIONS = NO;
				ENABLE_STRICT_OBJC_MSGSEND = YES;
				ENABLE_USER_SCRIPT_SANDBOXING = YES;
				GCC_C_LANGUAGE_STANDARD = gnu17;
				GCC_NO_COMMON_BLOCKS = YES;
				GCC_WARN_64_TO_32_BIT_CONVERSION = YES;
				GCC_WARN_ABOUT_RETURN_TYPE = YES_ERROR;
				GCC_WARN_UNDECLARED_SELECTOR = YES;
				GCC_WARN_UNINITIALIZED_AUTOS = YES_AGGRESSIVE;
				GCC_WARN_UNUSED_FUNCTION = YES;
				GCC_WARN_UNUSED_VARIABLE = YES;
				IPHONEOS_DEPLOYMENT_TARGET = 18.5;
				LOCALIZATION_PREFERS_STRING_CATALOGS = YES;
				MTL_ENABLE_DEBUG_INFO = NO;
				MTL_FAST_MATH = YES;
				SDKROOT = iphoneos;
				SWIFT_COMPILATION_MODE = wholemodule;
				VALIDATE_PRODUCT = YES;
			};
			name = Release;
		};
		01ACAB432FAA7CA0002C45CC /* Debug */ = {
			isa = XCBuildConfiguration;
			buildSettings = {
				ASSETCATALOG_COMPILER_APPICON_NAME = AppIcon;
				ASSETCATALOG_COMPILER_GLOBAL_ACCENT_COLOR_NAME = AccentColor;
				CODE_SIGN_STYLE = Automatic;
				CURRENT_PROJECT_VERSION = 1;
				DEVELOPMENT_TEAM = 9BUF9JB2Q7;
				ENABLE_PREVIEWS = YES;
				GENERATE_INFOPLIST_FILE = YES;
				INFOPLIST_FILE = fieldnote/Info.plist;
				INFOPLIST_KEY_CFBundleDisplayName = "Field Note";
				INFOPLIST_KEY_NSFaceIDUsageDescription = "Unlock password-protected journals with Face ID or Touch ID";
				INFOPLIST_KEY_NSLocationWhenInUseUsageDescription = "We need your location to tag log entries";
				INFOPLIST_KEY_NSMicrophoneUsageDescription = "Fieldnote needs microphone access to record audio memos during field observation";
				INFOPLIST_KEY_NSSpeechRecognitionUsageDescription = "Fieldnote uses speech recognition to transcribe your audio memos into searchable field notes";
				INFOPLIST_KEY_UIApplicationSceneManifest_Generation = YES;
				INFOPLIST_KEY_UIApplicationSupportsIndirectInputEvents = YES;
				INFOPLIST_KEY_UILaunchScreen_Generation = YES;
				INFOPLIST_KEY_UISupportedInterfaceOrientations_iPad = "UIInterfaceOrientationPortrait UIInterfaceOrientationPortraitUpsideDown UIInterfaceOrientationLandscapeLeft UIInterfaceOrientationLandscapeRight";
				INFOPLIST_KEY_UISupportedInterfaceOrientations_iPhone = "UIInterfaceOrientationPortrait UIInterfaceOrientationLandscapeLeft UIInterfaceOrientationLandscapeRight";
				INFOPLIST_KEY_UIUserInterfaceStyle = Light;
				IPHONEOS_DEPLOYMENT_TARGET = 18.2;
				LD_RUNPATH_SEARCH_PATHS = (
					"$(inherited)",
					"@executable_path/Frameworks",
				);
				MARKETING_VERSION = 1.0;
				PRODUCT_BUNDLE_IDENTIFIER = com.davidcon.fieldnote;
				PRODUCT_NAME = "$(TARGET_NAME)";
				STRING_CATALOG_GENERATE_SYMBOLS = YES;
				SWIFT_APPROACHABLE_CONCURRENCY = YES;
				SWIFT_DEFAULT_ACTOR_ISOLATION = MainActor;
				SWIFT_EMIT_LOC_STRINGS = YES;
				SWIFT_UPCOMING_FEATURE_MEMBER_IMPORT_VISIBILITY = YES;
				SWIFT_VERSION = 5.0;
				TARGETED_DEVICE_FAMILY = "1,2";
			};
			name = Debug;
		};
		01ACAB442FAA7CA0002C45CC /* Release */ = {
			isa = XCBuildConfiguration;
			buildSettings = {
				ASSETCATALOG_COMPILER_APPICON_NAME = AppIcon;
				ASSETCATALOG_COMPILER_GLOBAL_ACCENT_COLOR_NAME = AccentColor;
				CODE_SIGN_STYLE = Automatic;
				CURRENT_PROJECT_VERSION = 1;
				DEVELOPMENT_TEAM = 9BUF9JB2Q7;
				ENABLE_PREVIEWS = YES;
				GENERATE_INFOPLIST_FILE = YES;
				INFOPLIST_FILE = fieldnote/Info.plist;
				INFOPLIST_KEY_CFBundleDisplayName = "Field Note";
				INFOPLIST_KEY_NSFaceIDUsageDescription = "Unlock password-protected journals with Face ID or Touch ID";
				INFOPLIST_KEY_NSLocationWhenInUseUsageDescription = "We need your location to tag log entries";
				INFOPLIST_KEY_NSMicrophoneUsageDescription = "Fieldnote needs microphone access to record audio memos during field observation";
				INFOPLIST_KEY_NSSpeechRecognitionUsageDescription = "Fieldnote uses speech recognition to transcribe your audio memos into searchable field notes";
				INFOPLIST_KEY_UIApplicationSceneManifest_Generation = YES;
				INFOPLIST_KEY_UIApplicationSupportsIndirectInputEvents = YES;
				INFOPLIST_KEY_UILaunchScreen_Generation = YES;
				INFOPLIST_KEY_UISupportedInterfaceOrientations_iPad = "UIInterfaceOrientationPortrait UIInterfaceOrientationPortraitUpsideDown UIInterfaceOrientationLandscapeLeft UIInterfaceOrientationLandscapeRight";
				INFOPLIST_KEY_UISupportedInterfaceOrientations_iPhone = "UIInterfaceOrientationPortrait UIInterfaceOrientationLandscapeLeft UIInterfaceOrientationLandscapeRight";
				INFOPLIST_KEY_UIUserInterfaceStyle = Light;
				IPHONEOS_DEPLOYMENT_TARGET = 18.2;
				LD_RUNPATH_SEARCH_PATHS = (
					"$(inherited)",
					"@executable_path/Frameworks",
				);
				MARKETING_VERSION = 1.0;
				PRODUCT_BUNDLE_IDENTIFIER = com.davidcon.fieldnote;
				PRODUCT_NAME = "$(TARGET_NAME)";
				STRING_CATALOG_GENERATE_SYMBOLS = YES;
				SWIFT_APPROACHABLE_CONCURRENCY = YES;
				SWIFT_DEFAULT_ACTOR_ISOLATION = MainActor;
				SWIFT_EMIT_LOC_STRINGS = YES;
				SWIFT_UPCOMING_FEATURE_MEMBER_IMPORT_VISIBILITY = YES;
				SWIFT_VERSION = 5.0;
				TARGETED_DEVICE_FAMILY = "1,2";
			};
			name = Release;
		};
		01ACAB462FAA7CA0002C45CC /* Debug */ = {
			isa = XCBuildConfiguration;
			buildSettings = {
				BUNDLE_LOADER = "$(TEST_HOST)";
				CODE_SIGN_STYLE = Automatic;
				CURRENT_PROJECT_VERSION = 1;
				DEVELOPMENT_TEAM = 4WRV8A29AF;
				GENERATE_INFOPLIST_FILE = YES;
				IPHONEOS_DEPLOYMENT_TARGET = 18.5;
				MARKETING_VERSION = 1.0;
				PRODUCT_BUNDLE_IDENTIFIER = com.davidcon.fieldnoteTests;
				PRODUCT_NAME = "$(TARGET_NAME)";
				STRING_CATALOG_GENERATE_SYMBOLS = NO;
				SWIFT_APPROACHABLE_CONCURRENCY = YES;
				SWIFT_EMIT_LOC_STRINGS = NO;
				SWIFT_UPCOMING_FEATURE_MEMBER_IMPORT_VISIBILITY = YES;
				SWIFT_VERSION = 5.0;
				TARGETED_DEVICE_FAMILY = "1,2";
				TEST_HOST = "$(BUILT_PRODUCTS_DIR)/fieldnote.app/$(BUNDLE_EXECUTABLE_FOLDER_PATH)/fieldnote";
			};
			name = Debug;
		};
		01ACAB472FAA7CA0002C45CC /* Release */ = {
			isa = XCBuildConfiguration;
			buildSettings = {
				BUNDLE_LOADER = "$(TEST_HOST)";
				CODE_SIGN_STYLE = Automatic;
				CURRENT_PROJECT_VERSION = 1;
				DEVELOPMENT_TEAM = 4WRV8A29AF;
				GENERATE_INFOPLIST_FILE = YES;
				IPHONEOS_DEPLOYMENT_TARGET = 18.5;
				MARKETING_VERSION = 1.0;
				PRODUCT_BUNDLE_IDENTIFIER = com.davidcon.fieldnoteTests;
				PRODUCT_NAME = "$(TARGET_NAME)";
				STRING_CATALOG_GENERATE_SYMBOLS = NO;
				SWIFT_APPROACHABLE_CONCURRENCY = YES;
				SWIFT_EMIT_LOC_STRINGS = NO;
				SWIFT_UPCOMING_FEATURE_MEMBER_IMPORT_VISIBILITY = YES;
				SWIFT_VERSION = 5.0;
				TARGETED_DEVICE_FAMILY = "1,2";
				TEST_HOST = "$(BUILT_PRODUCTS_DIR)/fieldnote.app/$(BUNDLE_EXECUTABLE_FOLDER_PATH)/fieldnote";
			};
			name = Release;
		};
		01ACAB492FAA7CA0002C45CC /* Debug */ = {
			isa = XCBuildConfiguration;
			buildSettings = {
				CODE_SIGN_STYLE = Automatic;
				CURRENT_PROJECT_VERSION = 1;
				DEVELOPMENT_TEAM = 4WRV8A29AF;
				GENERATE_INFOPLIST_FILE = YES;
				MARKETING_VERSION = 1.0;
				PRODUCT_BUNDLE_IDENTIFIER = com.davidcon.fieldnoteUITests;
				PRODUCT_NAME = "$(TARGET_NAME)";
				STRING_CATALOG_GENERATE_SYMBOLS = NO;
				SWIFT_APPROACHABLE_CONCURRENCY = YES;
				SWIFT_EMIT_LOC_STRINGS = NO;
				SWIFT_UPCOMING_FEATURE_MEMBER_IMPORT_VISIBILITY = YES;
				SWIFT_VERSION = 5.0;
				TARGETED_DEVICE_FAMILY = "1,2";
				TEST_TARGET_NAME = fieldnote;
			};
			name = Debug;
		};
		01ACAB4A2FAA7CA0002C45CC /* Release */ = {
			isa = XCBuildConfiguration;
			buildSettings = {
				CODE_SIGN_STYLE = Automatic;
				CURRENT_PROJECT_VERSION = 1;
				DEVELOPMENT_TEAM = 4WRV8A29AF;
				GENERATE_INFOPLIST_FILE = YES;
				MARKETING_VERSION = 1.0;
				PRODUCT_BUNDLE_IDENTIFIER = com.davidcon.fieldnoteUITests;
				PRODUCT_NAME = "$(TARGET_NAME)";
				STRING_CATALOG_GENERATE_SYMBOLS = NO;
				SWIFT_APPROACHABLE_CONCURRENCY = YES;
				SWIFT_EMIT_LOC_STRINGS = NO;
				SWIFT_UPCOMING_FEATURE_MEMBER_IMPORT_VISIBILITY = YES;
				SWIFT_VERSION = 5.0;
				TARGETED_DEVICE_FAMILY = "1,2";
				TEST_TARGET_NAME = fieldnote;
			};
			name = Release;
		};
/* End XCBuildConfiguration section */

/* Begin XCConfigurationList section */
		01ACAB1A2FAA7C9D002C45CC /* Build configuration list for PBXProject "fieldnote" */ = {
			isa = XCConfigurationList;
			buildConfigurations = (
				01ACAB402FAA7CA0002C45CC /* Debug */,
				01ACAB412FAA7CA0002C45CC /* Release */,
			);
			defaultConfigurationIsVisible = 0;
			defaultConfigurationName = Release;
		};
		01ACAB422FAA7CA0002C45CC /* Build configuration list for PBXNativeTarget "fieldnote" */ = {
			isa = XCConfigurationList;
			buildConfigurations = (
				01ACAB432FAA7CA0002C45CC /* Debug */,
				01ACAB442FAA7CA0002C45CC /* Release */,
			);
			defaultConfigurationIsVisible = 0;
			defaultConfigurationName = Release;
		};
		01ACAB452FAA7CA0002C45CC /* Build configuration list for PBXNativeTarget "fieldnoteTests" */ = {
			isa = XCConfigurationList;
			buildConfigurations = (
				01ACAB462FAA7CA0002C45CC /* Debug */,
				01ACAB472FAA7CA0002C45CC /* Release */,
			);
			defaultConfigurationIsVisible = 0;
			defaultConfigurationName = Release;
		};
		01ACAB482FAA7CA0002C45CC /* Build configuration list for PBXNativeTarget "fieldnoteUITests" */ = {
			isa = XCConfigurationList;
			buildConfigurations = (
				01ACAB492FAA7CA0002C45CC /* Debug */,
				01ACAB4A2FAA7CA0002C45CC /* Release */,
			);
			defaultConfigurationIsVisible = 0;
			defaultConfigurationName = Release;
		};
/* End XCConfigurationList section */
	};
	rootObject = 01ACAB172FAA7C9D002C45CC /* Project object */;
}
